
Microsoft Visual Studio Solution File, Format Version 12.00
# Visual Studio Version 17
VisualStudioVersion = 17.4.33213.308
MinimumVisualStudioVersion = 10.0.40219.1
Project("{FAE04EC0-301F-11D3-BF4B-00C04F79EFBC}") = "Punto1Arrays", "Punto1Arrays\Punto1Arrays.csproj", "{3134E5CE-D70B-4299-99F9-4061F809F10F}"
EndProject
Global
	GlobalSection(SolutionConfigurationPlatforms) = preSolution
		Debug|Any CPU = Debug|Any CPU
		Release|Any CPU = Release|Any CPU
	EndGlobalSection
	GlobalSection(ProjectConfigurationPlatforms) = postSolution
		{3134E5CE-D70B-4299-99F9-4061F809F10F}.Debug|Any CPU.ActiveCfg = Debug|Any CPU
		{3134E5CE-D70B-4299-99F9-4061F809F10F}.Debug|Any CPU.Build.0 = Debug|Any CPU
		{3134E5CE-D70B-4299-99F9-4061F809F10F}.Release|Any CPU.ActiveCfg = Release|Any CPU
		{3134E5CE-D70B-4299-99F9-4061F809F10F}.Release|Any CPU.Build.0 = Release|Any CPU
	EndGlobalSection
	GlobalSection(SolutionProperties) = preSolution
		HideSolutionNode = FALSE
	EndGlobalSection
	GlobalSection(ExtensibilityGlobals) = postSolution
		SolutionGuid = {816E47A0-320D-4242-8FE0-97A2E8376B4F}
	EndGlobalSection
EndGlobal
