
Microsoft Visual Studio Solution File, Format Version 12.00
# Visual Studio Version 17
VisualStudioVersion = 17.4.33213.308
MinimumVisualStudioVersion = 10.0.40219.1
Project("{FAE04EC0-301F-11D3-BF4B-00C04F79EFBC}") = "Punto2Arrays", "Punto2Arrays.csproj", "{EF3ECBE1-8742-4584-B9A1-D9D239489837}"
EndProject
Global
	GlobalSection(SolutionConfigurationPlatforms) = preSolution
		Debug|Any CPU = Debug|Any CPU
		Release|Any CPU = Release|Any CPU
	EndGlobalSection
	GlobalSection(ProjectConfigurationPlatforms) = postSolution
		{EF3ECBE1-8742-4584-B9A1-D9D239489837}.Debug|Any CPU.ActiveCfg = Debug|Any CPU
		{EF3ECBE1-8742-4584-B9A1-D9D239489837}.Debug|Any CPU.Build.0 = Debug|Any CPU
		{EF3ECBE1-8742-4584-B9A1-D9D239489837}.Release|Any CPU.ActiveCfg = Release|Any CPU
		{EF3ECBE1-8742-4584-B9A1-D9D239489837}.Release|Any CPU.Build.0 = Release|Any CPU
	EndGlobalSection
	GlobalSection(SolutionProperties) = preSolution
		HideSolutionNode = FALSE
	EndGlobalSection
	GlobalSection(ExtensibilityGlobals) = postSolution
		SolutionGuid = {E39070A2-0610-4EE5-8682-43D397EDC1A8}
	EndGlobalSection
EndGlobal
